
Microsoft Visual Studio Solution File, Format Version 12.00
# Visual Studio Version 16
VisualStudioVersion = 16.0.31613.86
MinimumVisualStudioVersion = 10.0.40219.1
Project("{9A19103F-16F7-4668-BE54-9A1E7A4F7556}") = "Quotes.Rest", "Quotes.Rest\Quotes.Rest.csproj", "{AD8F9B8E-0D28-4DDF-8208-E412DA961BC0}"
EndProject
Project("{9A19103F-16F7-4668-BE54-9A1E7A4F7556}") = "Quotes.Models", "Quotes.Models\Quotes.Models.csproj", "{3983CF1F-07D1-47C1-AC81-8859E891526A}"
EndProject
Project("{9A19103F-16F7-4668-BE54-9A1E7A4F7556}") = "Quotes.Core", "Quotes.Core\Quotes.Core.csproj", "{4DD96457-22BC-43CE-A4B1-B490EC7BAAFB}"
EndProject
Project("{9A19103F-16F7-4668-BE54-9A1E7A4F7556}") = "Quotes.Repositories", "Quotes.Repositories\Quotes.Repositories.csproj", "{E3AACEF6-388E-4D32-ABF6-AEFF5B150A5C}"
EndProject
Global
	GlobalSection(SolutionConfigurationPlatforms) = preSolution
		Debug|Any CPU = Debug|Any CPU
		Release|Any CPU = Release|Any CPU
	EndGlobalSection
	GlobalSection(ProjectConfigurationPlatforms) = postSolution
		{AD8F9B8E-0D28-4DDF-8208-E412DA961BC0}.Debug|Any CPU.ActiveCfg = Debug|Any CPU
		{AD8F9B8E-0D28-4DDF-8208-E412DA961BC0}.Debug|Any CPU.Build.0 = Debug|Any CPU
		{AD8F9B8E-0D28-4DDF-8208-E412DA961BC0}.Release|Any CPU.ActiveCfg = Release|Any CPU
		{AD8F9B8E-0D28-4DDF-8208-E412DA961BC0}.Release|Any CPU.Build.0 = Release|Any CPU
		{3983CF1F-07D1-47C1-AC81-8859E891526A}.Debug|Any CPU.ActiveCfg = Debug|Any CPU
		{3983CF1F-07D1-47C1-AC81-8859E891526A}.Debug|Any CPU.Build.0 = Debug|Any CPU
		{3983CF1F-07D1-47C1-AC81-8859E891526A}.Release|Any CPU.ActiveCfg = Release|Any CPU
		{3983CF1F-07D1-47C1-AC81-8859E891526A}.Release|Any CPU.Build.0 = Release|Any CPU
		{4DD96457-22BC-43CE-A4B1-B490EC7BAAFB}.Debug|Any CPU.ActiveCfg = Debug|Any CPU
		{4DD96457-22BC-43CE-A4B1-B490EC7BAAFB}.Debug|Any CPU.Build.0 = Debug|Any CPU
		{4DD96457-22BC-43CE-A4B1-B490EC7BAAFB}.Release|Any CPU.ActiveCfg = Release|Any CPU
		{4DD96457-22BC-43CE-A4B1-B490EC7BAAFB}.Release|Any CPU.Build.0 = Release|Any CPU
		{E3AACEF6-388E-4D32-ABF6-AEFF5B150A5C}.Debug|Any CPU.ActiveCfg = Debug|Any CPU
		{E3AACEF6-388E-4D32-ABF6-AEFF5B150A5C}.Debug|Any CPU.Build.0 = Debug|Any CPU
		{E3AACEF6-388E-4D32-ABF6-AEFF5B150A5C}.Release|Any CPU.ActiveCfg = Release|Any CPU
		{E3AACEF6-388E-4D32-ABF6-AEFF5B150A5C}.Release|Any CPU.Build.0 = Release|Any CPU
	EndGlobalSection
	GlobalSection(SolutionProperties) = preSolution
		HideSolutionNode = FALSE
	EndGlobalSection
	GlobalSection(ExtensibilityGlobals) = postSolution
		SolutionGuid = {E6269F0B-C26B-4922-A2CB-1BC09A1C5CA8}
	EndGlobalSection
EndGlobal
